
Microsoft Visual Studio Solution File, Format Version 12.00
# Visual Studio Version 17
VisualStudioVersion = 17.14.37328.6 d17.14
MinimumVisualStudioVersion = 10.0.40219.1
Project("{FAE04EC0-301F-11D3-BF4B-00C04F79EFBC}") = "myKubernetes", "myKubernetes\myKubernetes.csproj", "{D7C34242-7164-4B14-987F-E1E9AE232E1E}"
EndProject
Global
	GlobalSection(SolutionConfigurationPlatforms) = preSolution
		Debug|Any CPU = Debug|Any CPU
		Release|Any CPU = Release|Any CPU
	EndGlobalSection
	GlobalSection(ProjectConfigurationPlatforms) = postSolution
		{D7C34242-7164-4B14-987F-E1E9AE232E1E}.Debug|Any CPU.ActiveCfg = Debug|Any CPU
		{D7C34242-7164-4B14-987F-E1E9AE232E1E}.Debug|Any CPU.Build.0 = Debug|Any CPU
		{D7C34242-7164-4B14-987F-E1E9AE232E1E}.Release|Any CPU.ActiveCfg = Release|Any CPU
		{D7C34242-7164-4B14-987F-E1E9AE232E1E}.Release|Any CPU.Build.0 = Release|Any CPU
	EndGlobalSection
	GlobalSection(SolutionProperties) = preSolution
		HideSolutionNode = FALSE
	EndGlobalSection
	GlobalSection(ExtensibilityGlobals) = postSolution
		SolutionGuid = {5B7975EA-C48B-4F3A-B0A1-CA6802C7C596}
	EndGlobalSection
EndGlobal
